
Microsoft Visual Studio Solution File, Format Version 12.00
# Visual Studio Version 17
VisualStudioVersion = 17.3.32804.467
MinimumVisualStudioVersion = 10.0.40219.1
Project("{FAE04EC0-301F-11D3-BF4B-00C04F79EFBC}") = "c01_Tek_Cift_Kontrol", "c01_Tek_Cift_Kontrol\c01_Tek_Cift_Kontrol.csproj", "{E6C724A0-91C1-4C5B-8A4D-194E49CB2160}"
EndProject
Project("{FAE04EC0-301F-11D3-BF4B-00C04F79EFBC}") = "c02_Mutlak_Deger", "c02_Mutlak_Deger\c02_Mutlak_Deger.csproj", "{800A4E65-8914-4633-A173-3D95C6678F72}"
EndProject
Project("{FAE04EC0-301F-11D3-BF4B-00C04F79EFBC}") = "c03_Asal_Sayi_Kontrol", "c03_Asal_Sayi_Kontrol\c03_Asal_Sayi_Kontrol.csproj", "{84011CD7-175D-4570-8E45-E5602B814D9B}"
EndProject
Project("{FAE04EC0-301F-11D3-BF4B-00C04F79EFBC}") = "c04_Rakamlar_Toplami", "c04_Rakamlar_Toplami\c04_Rakamlar_Toplami.csproj", "{DB7931D4-656D-421A-B306-EF4575D97A3A}"
EndProject
Project("{FAE04EC0-301F-11D3-BF4B-00C04F79EFBC}") = "c05_1-10_Arasi_Sayilarin_Toplami", "c05_1-10_Arasi_Sayilarin_Toplami\c05_1-10_Arasi_Sayilarin_Toplami.csproj", "{3E1BB154-1DA2-4CF9-BBEC-590F7557BFEC}"
EndProject
Project("{FAE04EC0-301F-11D3-BF4B-00C04F79EFBC}") = "c06_Tek_sayilar_toplami", "Tek_sayilar_toplami\c06_Tek_sayilar_toplami.csproj", "{4F04D199-C91B-468D-AFB3-5083640CB700}"
EndProject
Project("{FAE04EC0-301F-11D3-BF4B-00C04F79EFBC}") = "c07_cift_sayilarin_toplami", "c07_cift_sayilarin_toplami\c07_cift_sayilarin_toplami.csproj", "{446156A4-0BEA-4BA4-A6F4-0F62A0CA0130}"
EndProject
Project("{FAE04EC0-301F-11D3-BF4B-00C04F79EFBC}") = "c08_aralikli_cift_sayilarin_toplami", "c08_aralikli_cift_sayilarin_toplami\c08_aralikli_cift_sayilarin_toplami.csproj", "{E10BCCD6-8BDB-4D21-830C-0ABBE14CE88C}"
EndProject
Project("{FAE04EC0-301F-11D3-BF4B-00C04F79EFBC}") = "c09_cember_ve_daire", "c09_cember_ve_daire\c09_cember_ve_daire.csproj", "{2A157EF8-F05C-41AE-9C86-4FF3D718077B}"
EndProject
Project("{FAE04EC0-301F-11D3-BF4B-00C04F79EFBC}") = "c10_for_I", "c10_for_I\c10_for_I.csproj", "{CD081E7B-DDB0-4579-966E-1EC1DB6FF02A}"
EndProject
Project("{FAE04EC0-301F-11D3-BF4B-00C04F79EFBC}") = "c11_for_II", "c11_for_II\c11_for_II.csproj", "{F844356E-7486-45C7-B3BD-D500AE351AB2}"
EndProject
Project("{FAE04EC0-301F-11D3-BF4B-00C04F79EFBC}") = "c12_for_III", "c12_for_III\c12_for_III.csproj", "{E623782C-419A-423A-96D6-CF076B83365A}"
EndProject
Project("{FAE04EC0-301F-11D3-BF4B-00C04F79EFBC}") = "c13_for_IV", "c13_for_IV\c13_for_IV.csproj", "{477908AF-A4D2-4CC5-B7F0-7BA804F1165A}"
EndProject
Project("{FAE04EC0-301F-11D3-BF4B-00C04F79EFBC}") = "c14_tek_boyutlu_dizi", "c14_tek_boyutlu_dizi\c14_tek_boyutlu_dizi.csproj", "{1E049AA1-BD3F-445F-B535-AEA7175AC363}"
EndProject
Project("{FAE04EC0-301F-11D3-BF4B-00C04F79EFBC}") = "c15_dizi_eleman_bul", "c15_dizi_eleman_bul\c15_dizi_eleman_bul.csproj", "{5F117A2A-ED43-4632-958B-84B24447B453}"
EndProject
Project("{FAE04EC0-301F-11D3-BF4B-00C04F79EFBC}") = "c16_dizi_sinifi", "c16_dizi_sinifi\c16_dizi_sinifi.csproj", "{705007B8-6F09-42FD-BC6D-FAF31534C73F}"
EndProject
Project("{FAE04EC0-301F-11D3-BF4B-00C04F79EFBC}") = "c17_char", "c17_char\c17_char.csproj", "{F4AA558C-EBD4-4B35-A002-8D47B09E5CC5}"
EndProject
Project("{FAE04EC0-301F-11D3-BF4B-00C04F79EFBC}") = "c18_string", "c18_string\c18_string.csproj", "{D920B4AA-F301-4928-A20B-5D9D375049B0}"
EndProject
Project("{FAE04EC0-301F-11D3-BF4B-00C04F79EFBC}") = "c19_string_fonksiyonlari", "c19_string_fonksiyonlari\c19_string_fonksiyonlari.csproj", "{B95B2AE5-79F3-4B22-BE7E-2443B5041C85}"
EndProject
Global
	GlobalSection(SolutionConfigurationPlatforms) = preSolution
		Debug|Any CPU = Debug|Any CPU
		Release|Any CPU = Release|Any CPU
	EndGlobalSection
	GlobalSection(ProjectConfigurationPlatforms) = postSolution
		{E6C724A0-91C1-4C5B-8A4D-194E49CB2160}.Debug|Any CPU.ActiveCfg = Debug|Any CPU
		{E6C724A0-91C1-4C5B-8A4D-194E49CB2160}.Debug|Any CPU.Build.0 = Debug|Any CPU
		{E6C724A0-91C1-4C5B-8A4D-194E49CB2160}.Release|Any CPU.ActiveCfg = Release|Any CPU
		{E6C724A0-91C1-4C5B-8A4D-194E49CB2160}.Release|Any CPU.Build.0 = Release|Any CPU
		{800A4E65-8914-4633-A173-3D95C6678F72}.Debug|Any CPU.ActiveCfg = Debug|Any CPU
		{800A4E65-8914-4633-A173-3D95C6678F72}.Debug|Any CPU.Build.0 = Debug|Any CPU
		{800A4E65-8914-4633-A173-3D95C6678F72}.Release|Any CPU.ActiveCfg = Release|Any CPU
		{800A4E65-8914-4633-A173-3D95C6678F72}.Release|Any CPU.Build.0 = Release|Any CPU
		{84011CD7-175D-4570-8E45-E5602B814D9B}.Debug|Any CPU.ActiveCfg = Debug|Any CPU
		{84011CD7-175D-4570-8E45-E5602B814D9B}.Debug|Any CPU.Build.0 = Debug|Any CPU
		{84011CD7-175D-4570-8E45-E5602B814D9B}.Release|Any CPU.ActiveCfg = Release|Any CPU
		{84011CD7-175D-4570-8E45-E5602B814D9B}.Release|Any CPU.Build.0 = Release|Any CPU
		{DB7931D4-656D-421A-B306-EF4575D97A3A}.Debug|Any CPU.ActiveCfg = Debug|Any CPU
		{DB7931D4-656D-421A-B306-EF4575D97A3A}.Debug|Any CPU.Build.0 = Debug|Any CPU
		{DB7931D4-656D-421A-B306-EF4575D97A3A}.Release|Any CPU.ActiveCfg = Release|Any CPU
		{DB7931D4-656D-421A-B306-EF4575D97A3A}.Release|Any CPU.Build.0 = Release|Any CPU
		{3E1BB154-1DA2-4CF9-BBEC-590F7557BFEC}.Debug|Any CPU.ActiveCfg = Debug|Any CPU
		{3E1BB154-1DA2-4CF9-BBEC-590F7557BFEC}.Debug|Any CPU.Build.0 = Debug|Any CPU
		{3E1BB154-1DA2-4CF9-BBEC-590F7557BFEC}.Release|Any CPU.ActiveCfg = Release|Any CPU
		{3E1BB154-1DA2-4CF9-BBEC-590F7557BFEC}.Release|Any CPU.Build.0 = Release|Any CPU
		{4F04D199-C91B-468D-AFB3-5083640CB700}.Debug|Any CPU.ActiveCfg = Debug|Any CPU
		{4F04D199-C91B-468D-AFB3-5083640CB700}.Debug|Any CPU.Build.0 = Debug|Any CPU
		{4F04D199-C91B-468D-AFB3-5083640CB700}.Release|Any CPU.ActiveCfg = Release|Any CPU
		{4F04D199-C91B-468D-AFB3-5083640CB700}.Release|Any CPU.Build.0 = Release|Any CPU
		{446156A4-0BEA-4BA4-A6F4-0F62A0CA0130}.Debug|Any CPU.ActiveCfg = Debug|Any CPU
		{446156A4-0BEA-4BA4-A6F4-0F62A0CA0130}.Debug|Any CPU.Build.0 = Debug|Any CPU
		{446156A4-0BEA-4BA4-A6F4-0F62A0CA0130}.Release|Any CPU.ActiveCfg = Release|Any CPU
		{446156A4-0BEA-4BA4-A6F4-0F62A0CA0130}.Release|Any CPU.Build.0 = Release|Any CPU
		{E10BCCD6-8BDB-4D21-830C-0ABBE14CE88C}.Debug|Any CPU.ActiveCfg = Debug|Any CPU
		{E10BCCD6-8BDB-4D21-830C-0ABBE14CE88C}.Debug|Any CPU.Build.0 = Debug|Any CPU
		{E10BCCD6-8BDB-4D21-830C-0ABBE14CE88C}.Release|Any CPU.ActiveCfg = Release|Any CPU
		{E10BCCD6-8BDB-4D21-830C-0ABBE14CE88C}.Release|Any CPU.Build.0 = Release|Any CPU
		{2A157EF8-F05C-41AE-9C86-4FF3D718077B}.Debug|Any CPU.ActiveCfg = Debug|Any CPU
		{2A157EF8-F05C-41AE-9C86-4FF3D718077B}.Debug|Any CPU.Build.0 = Debug|Any CPU
		{2A157EF8-F05C-41AE-9C86-4FF3D718077B}.Release|Any CPU.ActiveCfg = Release|Any CPU
		{2A157EF8-F05C-41AE-9C86-4FF3D718077B}.Release|Any CPU.Build.0 = Release|Any CPU
		{CD081E7B-DDB0-4579-966E-1EC1DB6FF02A}.Debug|Any CPU.ActiveCfg = Debug|Any CPU
		{CD081E7B-DDB0-4579-966E-1EC1DB6FF02A}.Debug|Any CPU.Build.0 = Debug|Any CPU
		{CD081E7B-DDB0-4579-966E-1EC1DB6FF02A}.Release|Any CPU.ActiveCfg = Release|Any CPU
		{CD081E7B-DDB0-4579-966E-1EC1DB6FF02A}.Release|Any CPU.Build.0 = Release|Any CPU
		{F844356E-7486-45C7-B3BD-D500AE351AB2}.Debug|Any CPU.ActiveCfg = Debug|Any CPU
		{F844356E-7486-45C7-B3BD-D500AE351AB2}.Debug|Any CPU.Build.0 = Debug|Any CPU
		{F844356E-7486-45C7-B3BD-D500AE351AB2}.Release|Any CPU.ActiveCfg = Release|Any CPU
		{F844356E-7486-45C7-B3BD-D500AE351AB2}.Release|Any CPU.Build.0 = Release|Any CPU
		{E623782C-419A-423A-96D6-CF076B83365A}.Debug|Any CPU.ActiveCfg = Debug|Any CPU
		{E623782C-419A-423A-96D6-CF076B83365A}.Debug|Any CPU.Build.0 = Debug|Any CPU
		{E623782C-419A-423A-96D6-CF076B83365A}.Release|Any CPU.ActiveCfg = Release|Any CPU
		{E623782C-419A-423A-96D6-CF076B83365A}.Release|Any CPU.Build.0 = Release|Any CPU
		{477908AF-A4D2-4CC5-B7F0-7BA804F1165A}.Debug|Any CPU.ActiveCfg = Debug|Any CPU
		{477908AF-A4D2-4CC5-B7F0-7BA804F1165A}.Debug|Any CPU.Build.0 = Debug|Any CPU
		{477908AF-A4D2-4CC5-B7F0-7BA804F1165A}.Release|Any CPU.ActiveCfg = Release|Any CPU
		{477908AF-A4D2-4CC5-B7F0-7BA804F1165A}.Release|Any CPU.Build.0 = Release|Any CPU
		{1E049AA1-BD3F-445F-B535-AEA7175AC363}.Debug|Any CPU.ActiveCfg = Debug|Any CPU
		{1E049AA1-BD3F-445F-B535-AEA7175AC363}.Debug|Any CPU.Build.0 = Debug|Any CPU
		{1E049AA1-BD3F-445F-B535-AEA7175AC363}.Release|Any CPU.ActiveCfg = Release|Any CPU
		{1E049AA1-BD3F-445F-B535-AEA7175AC363}.Release|Any CPU.Build.0 = Release|Any CPU
		{5F117A2A-ED43-4632-958B-84B24447B453}.Debug|Any CPU.ActiveCfg = Debug|Any CPU
		{5F117A2A-ED43-4632-958B-84B24447B453}.Debug|Any CPU.Build.0 = Debug|Any CPU
		{5F117A2A-ED43-4632-958B-84B24447B453}.Release|Any CPU.ActiveCfg = Release|Any CPU
		{5F117A2A-ED43-4632-958B-84B24447B453}.Release|Any CPU.Build.0 = Release|Any CPU
		{705007B8-6F09-42FD-BC6D-FAF31534C73F}.Debug|Any CPU.ActiveCfg = Debug|Any CPU
		{705007B8-6F09-42FD-BC6D-FAF31534C73F}.Debug|Any CPU.Build.0 = Debug|Any CPU
		{705007B8-6F09-42FD-BC6D-FAF31534C73F}.Release|Any CPU.ActiveCfg = Release|Any CPU
		{705007B8-6F09-42FD-BC6D-FAF31534C73F}.Release|Any CPU.Build.0 = Release|Any CPU
		{F4AA558C-EBD4-4B35-A002-8D47B09E5CC5}.Debug|Any CPU.ActiveCfg = Debug|Any CPU
		{F4AA558C-EBD4-4B35-A002-8D47B09E5CC5}.Debug|Any CPU.Build.0 = Debug|Any CPU
		{F4AA558C-EBD4-4B35-A002-8D47B09E5CC5}.Release|Any CPU.ActiveCfg = Release|Any CPU
		{F4AA558C-EBD4-4B35-A002-8D47B09E5CC5}.Release|Any CPU.Build.0 = Release|Any CPU
		{D920B4AA-F301-4928-A20B-5D9D375049B0}.Debug|Any CPU.ActiveCfg = Debug|Any CPU
		{D920B4AA-F301-4928-A20B-5D9D375049B0}.Debug|Any CPU.Build.0 = Debug|Any CPU
		{D920B4AA-F301-4928-A20B-5D9D375049B0}.Release|Any CPU.ActiveCfg = Release|Any CPU
		{D920B4AA-F301-4928-A20B-5D9D375049B0}.Release|Any CPU.Build.0 = Release|Any CPU
		{B95B2AE5-79F3-4B22-BE7E-2443B5041C85}.Debug|Any CPU.ActiveCfg = Debug|Any CPU
		{B95B2AE5-79F3-4B22-BE7E-2443B5041C85}.Debug|Any CPU.Build.0 = Debug|Any CPU
		{B95B2AE5-79F3-4B22-BE7E-2443B5041C85}.Release|Any CPU.ActiveCfg = Release|Any CPU
		{B95B2AE5-79F3-4B22-BE7E-2443B5041C85}.Release|Any CPU.Build.0 = Release|Any CPU
	EndGlobalSection
	GlobalSection(SolutionProperties) = preSolution
		HideSolutionNode = FALSE
	EndGlobalSection
	GlobalSection(ExtensibilityGlobals) = postSolution
		SolutionGuid = {20B074A5-DC8E-45BA-AF41-1EC1AB148F31}
	EndGlobalSection
EndGlobal
